
Microsoft Visual Studio Solution File, Format Version 12.00
# Visual Studio 15
VisualStudioVersion = 15.0.28307.2092
MinimumVisualStudioVersion = 10.0.40219.1
Project("{FAE04EC0-301F-11D3-BF4B-00C04F79EFBC}") = "WeatherApp", "WeatherApp\WeatherApp.csproj", "{76E3F33A-6882-4E03-8F93-58077BB1911B}"
EndProject
Global
	GlobalSection(SolutionConfigurationPlatforms) = preSolution
		Debug|Any CPU = Debug|Any CPU
		Release|Any CPU = Release|Any CPU
	EndGlobalSection
	GlobalSection(ProjectConfigurationPlatforms) = postSolution
		{76E3F33A-6882-4E03-8F93-58077BB1911B}.Debug|Any CPU.ActiveCfg = Debug|Any CPU
		{76E3F33A-6882-4E03-8F93-58077BB1911B}.Debug|Any CPU.Build.0 = Debug|Any CPU
		{76E3F33A-6882-4E03-8F93-58077BB1911B}.Release|Any CPU.ActiveCfg = Release|Any CPU
		{76E3F33A-6882-4E03-8F93-58077BB1911B}.Release|Any CPU.Build.0 = Release|Any CPU
	EndGlobalSection
	GlobalSection(SolutionProperties) = preSolution
		HideSolutionNode = FALSE
	EndGlobalSection
	GlobalSection(ExtensibilityGlobals) = postSolution
		SolutionGuid = {B5549634-1D26-4533-9F31-D048B00B03F3}
	EndGlobalSection
EndGlobal
